
Microsoft Visual Studio Solution File, Format Version 12.00
# Visual Studio Version 16
VisualStudioVersion = 16.0.32510.428
MinimumVisualStudioVersion = 10.0.40219.1
Project("{8BC9CEB8-8B4A-11D0-8D11-00A0C91BC942}") = "PlantCAD", "PlantCAD\PlantCAD.vcxproj", "{B4088DDF-C95B-4773-B73F-C718DA11F7C1}"
	ProjectSection(ProjectDependencies) = postProject
		{FC780838-D20A-4B7F-A43F-46638C52DBB9} = {FC780838-D20A-4B7F-A43F-46638C52DBB9}
		{1435883C-2B2E-4CD0-86F6-C0FDEF400836} = {1435883C-2B2E-4CD0-86F6-C0FDEF400836}
		{3CD7F7DF-AAC5-4C0A-A7DE-94188B03CC54} = {3CD7F7DF-AAC5-4C0A-A7DE-94188B03CC54}
		{A48954F6-B8D0-4EB3-BE45-FA00129A4440} = {A48954F6-B8D0-4EB3-BE45-FA00129A4440}
		{577271FA-F5A4-4E21-8D31-AEA3DC7964CA} = {577271FA-F5A4-4E21-8D31-AEA3DC7964CA}
	EndProjectSection
EndProject
Project("{8BC9CEB8-8B4A-11D0-8D11-00A0C91BC942}") = "DockingBar", "DockingBar\DockingBar.vcxproj", "{1494F153-4C92-453A-815C-E2D627014EB1}"
EndProject
Project("{8BC9CEB8-8B4A-11D0-8D11-00A0C91BC942}") = "ExGUI", "ExGUI\ExGUI.vcxproj", "{FC780838-D20A-4B7F-A43F-46638C52DBB9}"
EndProject
Project("{8BC9CEB8-8B4A-11D0-8D11-00A0C91BC942}") = "SceneDll", "SceneDll\SceneDll.vcxproj", "{577271FA-F5A4-4E21-8D31-AEA3DC7964CA}"
EndProject
Project("{8BC9CEB8-8B4A-11D0-8D11-00A0C91BC942}") = "ExGeome", "ExGeome\ExGeome.vcxproj", "{3CD7F7DF-AAC5-4C0A-A7DE-94188B03CC54}"
EndProject
Project("{8BC9CEB8-8B4A-11D0-8D11-00A0C91BC942}") = "MaizeData", "MaizeData\MaizeData.vcxproj", "{A48954F6-B8D0-4EB3-BE45-FA00129A4440}"
EndProject
Project("{8BC9CEB8-8B4A-11D0-8D11-00A0C91BC942}") = "ExGeneralIO", "ExGeneralIO\ExGeneralIO.vcxproj", "{1435883C-2B2E-4CD0-86F6-C0FDEF400836}"
EndProject
Global
	GlobalSection(SolutionConfigurationPlatforms) = preSolution
		Debug|Win32 = Debug|Win32
		Debug|x64 = Debug|x64
		Release|Win32 = Release|Win32
		Release|x64 = Release|x64
		Template|Win32 = Template|Win32
		Template|x64 = Template|x64
	EndGlobalSection
	GlobalSection(ProjectConfigurationPlatforms) = postSolution
		{B4088DDF-C95B-4773-B73F-C718DA11F7C1}.Debug|Win32.ActiveCfg = Debug|Win32
		{B4088DDF-C95B-4773-B73F-C718DA11F7C1}.Debug|Win32.Build.0 = Debug|Win32
		{B4088DDF-C95B-4773-B73F-C718DA11F7C1}.Debug|x64.ActiveCfg = Debug|x64
		{B4088DDF-C95B-4773-B73F-C718DA11F7C1}.Debug|x64.Build.0 = Debug|x64
		{B4088DDF-C95B-4773-B73F-C718DA11F7C1}.Release|Win32.ActiveCfg = Release|Win32
		{B4088DDF-C95B-4773-B73F-C718DA11F7C1}.Release|Win32.Build.0 = Release|Win32
		{B4088DDF-C95B-4773-B73F-C718DA11F7C1}.Release|x64.ActiveCfg = Release|x64
		{B4088DDF-C95B-4773-B73F-C718DA11F7C1}.Release|x64.Build.0 = Release|x64
		{B4088DDF-C95B-4773-B73F-C718DA11F7C1}.Template|Win32.ActiveCfg = Template|Win32
		{B4088DDF-C95B-4773-B73F-C718DA11F7C1}.Template|Win32.Build.0 = Template|Win32
		{B4088DDF-C95B-4773-B73F-C718DA11F7C1}.Template|x64.ActiveCfg = Template|x64
		{B4088DDF-C95B-4773-B73F-C718DA11F7C1}.Template|x64.Build.0 = Template|x64
		{1494F153-4C92-453A-815C-E2D627014EB1}.Debug|Win32.ActiveCfg = Debug|Win32
		{1494F153-4C92-453A-815C-E2D627014EB1}.Debug|Win32.Build.0 = Debug|Win32
		{1494F153-4C92-453A-815C-E2D627014EB1}.Debug|x64.ActiveCfg = Debug|x64
		{1494F153-4C92-453A-815C-E2D627014EB1}.Debug|x64.Build.0 = Debug|x64
		{1494F153-4C92-453A-815C-E2D627014EB1}.Release|Win32.ActiveCfg = Release|Win32
		{1494F153-4C92-453A-815C-E2D627014EB1}.Release|Win32.Build.0 = Release|Win32
		{1494F153-4C92-453A-815C-E2D627014EB1}.Release|x64.ActiveCfg = Release|x64
		{1494F153-4C92-453A-815C-E2D627014EB1}.Release|x64.Build.0 = Release|x64
		{1494F153-4C92-453A-815C-E2D627014EB1}.Template|Win32.ActiveCfg = Template|Win32
		{1494F153-4C92-453A-815C-E2D627014EB1}.Template|Win32.Build.0 = Template|Win32
		{1494F153-4C92-453A-815C-E2D627014EB1}.Template|x64.ActiveCfg = Template|x64
		{1494F153-4C92-453A-815C-E2D627014EB1}.Template|x64.Build.0 = Template|x64
		{FC780838-D20A-4B7F-A43F-46638C52DBB9}.Debug|Win32.ActiveCfg = Debug|Win32
		{FC780838-D20A-4B7F-A43F-46638C52DBB9}.Debug|Win32.Build.0 = Debug|Win32
		{FC780838-D20A-4B7F-A43F-46638C52DBB9}.Debug|x64.ActiveCfg = Debug|x64
		{FC780838-D20A-4B7F-A43F-46638C52DBB9}.Debug|x64.Build.0 = Debug|x64
		{FC780838-D20A-4B7F-A43F-46638C52DBB9}.Release|Win32.ActiveCfg = Release|Win32
		{FC780838-D20A-4B7F-A43F-46638C52DBB9}.Release|Win32.Build.0 = Release|Win32
		{FC780838-D20A-4B7F-A43F-46638C52DBB9}.Release|x64.ActiveCfg = Release|x64
		{FC780838-D20A-4B7F-A43F-46638C52DBB9}.Release|x64.Build.0 = Release|x64
		{FC780838-D20A-4B7F-A43F-46638C52DBB9}.Template|Win32.ActiveCfg = Template|Win32
		{FC780838-D20A-4B7F-A43F-46638C52DBB9}.Template|Win32.Build.0 = Template|Win32
		{FC780838-D20A-4B7F-A43F-46638C52DBB9}.Template|x64.ActiveCfg = Template|x64
		{FC780838-D20A-4B7F-A43F-46638C52DBB9}.Template|x64.Build.0 = Template|x64
		{577271FA-F5A4-4E21-8D31-AEA3DC7964CA}.Debug|Win32.ActiveCfg = Debug|Win32
		{577271FA-F5A4-4E21-8D31-AEA3DC7964CA}.Debug|Win32.Build.0 = Debug|Win32
		{577271FA-F5A4-4E21-8D31-AEA3DC7964CA}.Debug|x64.ActiveCfg = Debug|x64
		{577271FA-F5A4-4E21-8D31-AEA3DC7964CA}.Debug|x64.Build.0 = Debug|x64
		{577271FA-F5A4-4E21-8D31-AEA3DC7964CA}.Release|Win32.ActiveCfg = Release|Win32
		{577271FA-F5A4-4E21-8D31-AEA3DC7964CA}.Release|Win32.Build.0 = Release|Win32
		{577271FA-F5A4-4E21-8D31-AEA3DC7964CA}.Release|x64.ActiveCfg = Release|x64
		{577271FA-F5A4-4E21-8D31-AEA3DC7964CA}.Release|x64.Build.0 = Release|x64
		{577271FA-F5A4-4E21-8D31-AEA3DC7964CA}.Template|Win32.ActiveCfg = Template|Win32
		{577271FA-F5A4-4E21-8D31-AEA3DC7964CA}.Template|Win32.Build.0 = Template|Win32
		{577271FA-F5A4-4E21-8D31-AEA3DC7964CA}.Template|x64.ActiveCfg = Template|x64
		{577271FA-F5A4-4E21-8D31-AEA3DC7964CA}.Template|x64.Build.0 = Template|x64
		{3CD7F7DF-AAC5-4C0A-A7DE-94188B03CC54}.Debug|Win32.ActiveCfg = Debug|Win32
		{3CD7F7DF-AAC5-4C0A-A7DE-94188B03CC54}.Debug|Win32.Build.0 = Debug|Win32
		{3CD7F7DF-AAC5-4C0A-A7DE-94188B03CC54}.Debug|x64.ActiveCfg = Debug|x64
		{3CD7F7DF-AAC5-4C0A-A7DE-94188B03CC54}.Debug|x64.Build.0 = Debug|x64
		{3CD7F7DF-AAC5-4C0A-A7DE-94188B03CC54}.Release|Win32.ActiveCfg = Release|Win32
		{3CD7F7DF-AAC5-4C0A-A7DE-94188B03CC54}.Release|Win32.Build.0 = Release|Win32
		{3CD7F7DF-AAC5-4C0A-A7DE-94188B03CC54}.Release|x64.ActiveCfg = Release|x64
		{3CD7F7DF-AAC5-4C0A-A7DE-94188B03CC54}.Release|x64.Build.0 = Release|x64
		{3CD7F7DF-AAC5-4C0A-A7DE-94188B03CC54}.Template|Win32.ActiveCfg = Release|Win32
		{3CD7F7DF-AAC5-4C0A-A7DE-94188B03CC54}.Template|Win32.Build.0 = Release|Win32
		{3CD7F7DF-AAC5-4C0A-A7DE-94188B03CC54}.Template|x64.ActiveCfg = Release|x64
		{3CD7F7DF-AAC5-4C0A-A7DE-94188B03CC54}.Template|x64.Build.0 = Release|x64
		{A48954F6-B8D0-4EB3-BE45-FA00129A4440}.Debug|Win32.ActiveCfg = Debug|Win32
		{A48954F6-B8D0-4EB3-BE45-FA00129A4440}.Debug|Win32.Build.0 = Debug|Win32
		{A48954F6-B8D0-4EB3-BE45-FA00129A4440}.Debug|x64.ActiveCfg = Debug|x64
		{A48954F6-B8D0-4EB3-BE45-FA00129A4440}.Debug|x64.Build.0 = Debug|x64
		{A48954F6-B8D0-4EB3-BE45-FA00129A4440}.Release|Win32.ActiveCfg = Release|Win32
		{A48954F6-B8D0-4EB3-BE45-FA00129A4440}.Release|Win32.Build.0 = Release|Win32
		{A48954F6-B8D0-4EB3-BE45-FA00129A4440}.Release|x64.ActiveCfg = Release|x64
		{A48954F6-B8D0-4EB3-BE45-FA00129A4440}.Release|x64.Build.0 = Release|x64
		{A48954F6-B8D0-4EB3-BE45-FA00129A4440}.Template|Win32.ActiveCfg = Template|Win32
		{A48954F6-B8D0-4EB3-BE45-FA00129A4440}.Template|Win32.Build.0 = Template|Win32
		{A48954F6-B8D0-4EB3-BE45-FA00129A4440}.Template|x64.ActiveCfg = Template|x64
		{A48954F6-B8D0-4EB3-BE45-FA00129A4440}.Template|x64.Build.0 = Template|x64
		{1435883C-2B2E-4CD0-86F6-C0FDEF400836}.Debug|Win32.ActiveCfg = Debug|Win32
		{1435883C-2B2E-4CD0-86F6-C0FDEF400836}.Debug|Win32.Build.0 = Debug|Win32
		{1435883C-2B2E-4CD0-86F6-C0FDEF400836}.Debug|x64.ActiveCfg = Debug|x64
		{1435883C-2B2E-4CD0-86F6-C0FDEF400836}.Debug|x64.Build.0 = Debug|x64
		{1435883C-2B2E-4CD0-86F6-C0FDEF400836}.Release|Win32.ActiveCfg = Release|Win32
		{1435883C-2B2E-4CD0-86F6-C0FDEF400836}.Release|Win32.Build.0 = Release|Win32
		{1435883C-2B2E-4CD0-86F6-C0FDEF400836}.Release|x64.ActiveCfg = Release|x64
		{1435883C-2B2E-4CD0-86F6-C0FDEF400836}.Release|x64.Build.0 = Release|x64
		{1435883C-2B2E-4CD0-86F6-C0FDEF400836}.Template|Win32.ActiveCfg = Release|Win32
		{1435883C-2B2E-4CD0-86F6-C0FDEF400836}.Template|Win32.Build.0 = Release|Win32
		{1435883C-2B2E-4CD0-86F6-C0FDEF400836}.Template|x64.ActiveCfg = Release|x64
		{1435883C-2B2E-4CD0-86F6-C0FDEF400836}.Template|x64.Build.0 = Release|x64
	EndGlobalSection
	GlobalSection(SolutionProperties) = preSolution
		HideSolutionNode = FALSE
	EndGlobalSection
	GlobalSection(ExtensibilityGlobals) = postSolution
		SolutionGuid = {CE82D41D-5074-465D-A595-5708CB7D72EB}
	EndGlobalSection
EndGlobal
